
Microsoft Visual Studio Solution File, Format Version 12.00
# Visual Studio Version 16
VisualStudioVersion = 16.0.31424.327
MinimumVisualStudioVersion = 10.0.40219.1
Project("{FAE04EC0-301F-11D3-BF4B-00C04F79EFBC}") = "HotelListing", "HotelListing\HotelListing.csproj", "{67468ABF-11D4-4A3C-9038-66970A356F59}"
EndProject
Global
	GlobalSection(SolutionConfigurationPlatforms) = preSolution
		Debug|Any CPU = Debug|Any CPU
		Release|Any CPU = Release|Any CPU
	EndGlobalSection
	GlobalSection(ProjectConfigurationPlatforms) = postSolution
		{67468ABF-11D4-4A3C-9038-66970A356F59}.Debug|Any CPU.ActiveCfg = Debug|Any CPU
		{67468ABF-11D4-4A3C-9038-66970A356F59}.Debug|Any CPU.Build.0 = Debug|Any CPU
		{67468ABF-11D4-4A3C-9038-66970A356F59}.Release|Any CPU.ActiveCfg = Release|Any CPU
		{67468ABF-11D4-4A3C-9038-66970A356F59}.Release|Any CPU.Build.0 = Release|Any CPU
	EndGlobalSection
	GlobalSection(SolutionProperties) = preSolution
		HideSolutionNode = FALSE
	EndGlobalSection
	GlobalSection(ExtensibilityGlobals) = postSolution
		SolutionGuid = {74BF60EC-F5BA-4634-8ABD-6DE67CBCD2B9}
	EndGlobalSection
EndGlobal
